
Microsoft Visual Studio Solution File, Format Version 12.00
# Visual Studio Version 17
VisualStudioVersion = 17.3.32825.248
MinimumVisualStudioVersion = 10.0.40219.1
Project("{FAE04EC0-301F-11D3-BF4B-00C04F79EFBC}") = "Viewer", "Viewer\Viewer.csproj", "{C7D7C8FB-E6D2-4F19-9740-8C2A80C23B69}"
EndProject
Global
	GlobalSection(SolutionConfigurationPlatforms) = preSolution
		Debug|Any CPU = Debug|Any CPU
		Release|Any CPU = Release|Any CPU
	EndGlobalSection
	GlobalSection(ProjectConfigurationPlatforms) = postSolution
		{C7D7C8FB-E6D2-4F19-9740-8C2A80C23B69}.Debug|Any CPU.ActiveCfg = Debug|Any CPU
		{C7D7C8FB-E6D2-4F19-9740-8C2A80C23B69}.Debug|Any CPU.Build.0 = Debug|Any CPU
		{C7D7C8FB-E6D2-4F19-9740-8C2A80C23B69}.Release|Any CPU.ActiveCfg = Release|Any CPU
		{C7D7C8FB-E6D2-4F19-9740-8C2A80C23B69}.Release|Any CPU.Build.0 = Release|Any CPU
	EndGlobalSection
	GlobalSection(SolutionProperties) = preSolution
		HideSolutionNode = FALSE
	EndGlobalSection
	GlobalSection(ExtensibilityGlobals) = postSolution
		SolutionGuid = {9A677E74-7EE6-448D-865E-B4579FD2149C}
	EndGlobalSection
EndGlobal
